<?xml version="1.0" encoding="utf-8"?>
<Project ToolsVersion="4.0" xmlns="http://schemas.microsoft.com/developer/msbuild/2003">
  <ItemGroup>
    <Filter Include="Holloware">
      <UniqueIdentifier>{92F241A3-FE5C-F619-479B-A7BFB344D46E}</UniqueIdentifier>
    </Filter>
    <Filter Include="Holloware\Events">
      <UniqueIdentifier>{36C65E14-22BF-7D66-4BF1-62EB37495D72}</UniqueIdentifier>
    </Filter>
  </ItemGroup>
  <ItemGroup>
    <ClInclude Include="src\Holloware.h" />
    <ClInclude Include="src\Holloware\Application.h">
      <Filter>Holloware</Filter>
    </ClInclude>
    <ClInclude Include="src\Holloware\Core.h">
      <Filter>Holloware</Filter>
    </ClInclude>
    <ClInclude Include="src\Holloware\EntryPoint.h">
      <Filter>Holloware</Filter>
    </ClInclude>
    <ClInclude Include="src\Holloware\Events\ApplicationEvent.h">
      <Filter>Holloware\Events</Filter>
    </ClInclude>
    <ClInclude Include="src\Holloware\Events\Event.h">
      <Filter>Holloware\Events</Filter>
    </ClInclude>
    <ClInclude Include="src\Holloware\Events\KeyEvent.h">
      <Filter>Holloware\Events</Filter>
    </ClInclude>
    <ClInclude Include="src\Holloware\Events\MouseEvent.h">
      <Filter>Holloware\Events</Filter>
    </ClInclude>
    <ClInclude Include="src\Holloware\Log.h">
      <Filter>Holloware</Filter>
    </ClInclude>
  </ItemGroup>
  <ItemGroup>
    <ClCompile Include="src\Holloware\Application.cpp">
      <Filter>Holloware</Filter>
    </ClCompile>
    <ClCompile Include="src\Holloware\Log.cpp">
      <Filter>Holloware</Filter>
    </ClCompile>
  </ItemGroup>
</Project>