<?xml version="1.0" encoding="utf-8"?>
<Project ToolsVersion="4.0" xmlns="http://schemas.microsoft.com/developer/msbuild/2003">
  <ItemGroup>
    <Filter Include="Holloware">
      <UniqueIdentifier>{92F241A3-FE5C-F619-479B-A7BFB344D46E}</UniqueIdentifier>
    </Filter>
    <Filter Include="Holloware\Events">
      <UniqueIdentifier>{36C65E14-22BF-7D66-4BF1-62EB37495D72}</UniqueIdentifier>
    </Filter>
    <Filter Include="Holloware\ImGui">
      <UniqueIdentifier>{3C8D2E37-A818-9CFB-B129-1FF01D34F8FB}</UniqueIdentifier>
    </Filter>
    <Filter Include="Platform">
      <UniqueIdentifier>{2AC788B4-1694-E3BF-3FAD-D1672BD9184E}</UniqueIdentifier>
    </Filter>
    <Filter Include="Platform\Windows">
      <UniqueIdentifier>{64FBD71A-50F4-F66C-7926-DCF1657ED678}</UniqueIdentifier>
    </Filter>
  </ItemGroup>
  <ItemGroup>
    <ClInclude Include="src\Holloware.h" />
    <ClInclude Include="src\Holloware\Application.h">
      <Filter>Holloware</Filter>
    </ClInclude>
    <ClInclude Include="src\Holloware\Core.h">
      <Filter>Holloware</Filter>
    </ClInclude>
    <ClInclude Include="src\Holloware\EntryPoint.h">
      <Filter>Holloware</Filter>
    </ClInclude>
    <ClInclude Include="src\Holloware\Events\ApplicationEvent.h">
      <Filter>Holloware\Events</Filter>
    </ClInclude>
    <ClInclude Include="src\Holloware\Events\Event.h">
      <Filter>Holloware\Events</Filter>
    </ClInclude>
    <ClInclude Include="src\Holloware\Events\KeyEvent.h">
      <Filter>Holloware\Events</Filter>
    </ClInclude>
    <ClInclude Include="src\Holloware\Events\MouseEvent.h">
      <Filter>Holloware\Events</Filter>
    </ClInclude>
    <ClInclude Include="src\Holloware\ImGui\ImGuiLayer.h">
      <Filter>Holloware\ImGui</Filter>
    </ClInclude>
    <ClInclude Include="src\Holloware\Input.h">
      <Filter>Holloware</Filter>
    </ClInclude>
    <ClInclude Include="src\Holloware\KeyCodes.h">
      <Filter>Holloware</Filter>
    </ClInclude>
    <ClInclude Include="src\Holloware\Layer.h">
      <Filter>Holloware</Filter>
    </ClInclude>
    <ClInclude Include="src\Holloware\LayerStack.h">
      <Filter>Holloware</Filter>
    </ClInclude>
    <ClInclude Include="src\Holloware\Log.h">
      <Filter>Holloware</Filter>
    </ClInclude>
    <ClInclude Include="src\Holloware\MouseButtonCodes.h">
      <Filter>Holloware</Filter>
    </ClInclude>
    <ClInclude Include="src\Holloware\Window.h">
      <Filter>Holloware</Filter>
    </ClInclude>
    <ClInclude Include="src\Platform\Windows\WindowsInput.h">
      <Filter>Platform\Windows</Filter>
    </ClInclude>
    <ClInclude Include="src\Platform\Windows\WindowsWindow.h">
      <Filter>Platform\Windows</Filter>
    </ClInclude>
    <ClInclude Include="src\hwpch.h" />
    <ClInclude Include="src\Holloware\Renderer\Buffer.h" />
    <ClInclude Include="src\Holloware\Renderer\GraphicsContext.h" />
    <ClInclude Include="src\Holloware\Renderer\RenderCommand.h" />
    <ClInclude Include="src\Holloware\Renderer\Renderer.h" />
    <ClInclude Include="src\Holloware\Renderer\RendererAPI.h" />
    <ClInclude Include="src\Holloware\Renderer\Shader.h" />
    <ClInclude Include="src\Holloware\Renderer\VertexArray.h" />
    <ClInclude Include="src\Platform\OpenGL\OpenGLBuffer.h" />
    <ClInclude Include="src\Platform\OpenGL\OpenGLContext.h" />
    <ClInclude Include="src\Platform\OpenGL\OpenGLShader.h" />
    <ClInclude Include="src\Platform\OpenGL\OpenGLVertexArray.h" />
    <ClInclude Include="src\Platform\OpenGL\OpenGLRendererAPI.h" />
    <ClInclude Include="src\Holloware\Renderer\Camera.h" />
    <ClInclude Include="src\Holloware\Renderer\GameObject.h" />
  </ItemGroup>
  <ItemGroup>
    <ClCompile Include="src\Holloware\Application.cpp">
      <Filter>Holloware</Filter>
    </ClCompile>
    <ClCompile Include="src\Holloware\ImGui\ImGuiBuild.cpp">
      <Filter>Holloware\ImGui</Filter>
    </ClCompile>
    <ClCompile Include="src\Holloware\ImGui\ImGuiLayer.cpp">
      <Filter>Holloware\ImGui</Filter>
    </ClCompile>
    <ClCompile Include="src\Holloware\Layer.cpp">
      <Filter>Holloware</Filter>
    </ClCompile>
    <ClCompile Include="src\Holloware\LayerStack.cpp">
      <Filter>Holloware</Filter>
    </ClCompile>
    <ClCompile Include="src\Holloware\Log.cpp">
      <Filter>Holloware</Filter>
    </ClCompile>
    <ClCompile Include="src\Platform\Windows\WindowsInput.cpp">
      <Filter>Platform\Windows</Filter>
    </ClCompile>
    <ClCompile Include="src\Platform\Windows\WindowsWindow.cpp">
      <Filter>Platform\Windows</Filter>
    </ClCompile>
    <ClCompile Include="src\hwpch.cpp" />
    <ClCompile Include="src\Holloware\Renderer\Buffer.cpp" />
    <ClCompile Include="src\Holloware\Renderer\Renderer.cpp" />
    <ClCompile Include="src\Holloware\Renderer\RendererAPI.cpp" />
    <ClCompile Include="src\Holloware\Renderer\Shader.cpp" />
    <ClCompile Include="src\Holloware\Renderer\VertexArray.cpp" />
    <ClCompile Include="src\Platform\OpenGL\OpenGLBuffer.cpp" />
    <ClCompile Include="src\Platform\OpenGL\OpenGLContext.cpp" />
    <ClCompile Include="src\Platform\OpenGL\OpenGLShader.cpp" />
    <ClCompile Include="src\Platform\OpenGL\OpenGLVertexArray.cpp" />
    <ClCompile Include="src\Holloware\Renderer\RenderCommand.cpp" />
    <ClCompile Include="src\Platform\OpenGL\OpenGLRendererAPI.cpp" />
    <ClCompile Include="src\Holloware\Renderer\Camera.cpp" />
    <ClCompile Include="src\Holloware\Renderer\GameObject.cpp" />
  </ItemGroup>
</Project>